
Microsoft Visual Studio Solution File, Format Version 12.00
# Visual Studio Version 16
VisualStudioVersion = 16.0.30128.74
MinimumVisualStudioVersion = 10.0.40219.1
Project("{FAE04EC0-301F-11D3-BF4B-00C04F79EFBC}") = "C.NET FRAMEWORK COURSE pg.89", "C.NET FRAMEWORK COURSE pg.89.csproj", "{180F4E9B-7156-4B75-8DFF-336283F7E73D}"
EndProject
Global
	GlobalSection(SolutionConfigurationPlatforms) = preSolution
		Debug|Any CPU = Debug|Any CPU
		Release|Any CPU = Release|Any CPU
	EndGlobalSection
	GlobalSection(ProjectConfigurationPlatforms) = postSolution
		{180F4E9B-7156-4B75-8DFF-336283F7E73D}.Debug|Any CPU.ActiveCfg = Debug|Any CPU
		{180F4E9B-7156-4B75-8DFF-336283F7E73D}.Debug|Any CPU.Build.0 = Debug|Any CPU
		{180F4E9B-7156-4B75-8DFF-336283F7E73D}.Release|Any CPU.ActiveCfg = Release|Any CPU
		{180F4E9B-7156-4B75-8DFF-336283F7E73D}.Release|Any CPU.Build.0 = Release|Any CPU
	EndGlobalSection
	GlobalSection(SolutionProperties) = preSolution
		HideSolutionNode = FALSE
	EndGlobalSection
	GlobalSection(ExtensibilityGlobals) = postSolution
		SolutionGuid = {24557C4E-421D-428E-B9D3-5DB5F2FA1483}
	EndGlobalSection
EndGlobal
